// !$*UTF8*$!
{
	archiveVersion = 1;
	classes = {
	};
	objectVersion = 46;
	objects = {

/* Begin PBXBuildFile section */
		3C0F4B12155CC7FA0084D784 /* NetworkServer.m in Sources */ = {isa = PBXBuildFile; fileRef = 3C0F4B0F155CC7FA0084D784 /* NetworkServer.m */; };
		3C0F4B13155CC7FA0084D784 /* NetworkSession.m in Sources */ = {isa = PBXBuildFile; fileRef = 3C0F4B11155CC7FA0084D784 /* NetworkSession.m */; };
		3C0F4B4E155CCE220084D784 /* README in Resources */ = {isa = PBXBuildFile; fileRef = 3C0F4B4D155CCE220084D784 /* README */; };
		3C159923154DAAFE0085A804 /* Cocoa.framework in Frameworks */ = {isa = PBXBuildFile; fileRef = 3C159922154DAAFE0085A804 /* Cocoa.framework */; };
		3C15992D154DAAFE0085A804 /* InfoPlist.strings in Resources */ = {isa = PBXBuildFile; fileRef = 3C15992B154DAAFE0085A804 /* InfoPlist.strings */; };
		3C159933154DAAFE0085A804 /* Credits.rtf in Resources */ = {isa = PBXBuildFile; fileRef = 3C159931154DAAFE0085A804 /* Credits.rtf */; };
		3C159936154DAAFE0085A804 /* CRTLAppDelegate.m in Sources */ = {isa = PBXBuildFile; fileRef = 3C159935154DAAFE0085A804 /* CRTLAppDelegate.m */; };
		3C159939154DAAFE0085A804 /* MainMenu.xib in Resources */ = {isa = PBXBuildFile; fileRef = 3C159937154DAAFE0085A804 /* MainMenu.xib */; };
		3C159959154DABC00085A804 /* COPYING in Resources */ = {isa = PBXBuildFile; fileRef = 3C159957154DABC00085A804 /* COPYING */; };
		3C1599A1154DB8FA0085A804 /* rtl-sdr.framework in Frameworks */ = {isa = PBXBuildFile; fileRef = 3C159983154DAEB10085A804 /* rtl-sdr.framework */; };
		3C83ADD9154E281B009CE93C /* main.m in Sources */ = {isa = PBXBuildFile; fileRef = 3C15992E154DAAFE0085A804 /* main.m */; };
/* End PBXBuildFile section */

/* Begin PBXContainerItemProxy section */
		3C159982154DAEB10085A804 /* PBXContainerItemProxy */ = {
			isa = PBXContainerItemProxy;
			containerPortal = 3C15997E154DAEB00085A804 /* rtl-sdr.xcodeproj */;
			proxyType = 2;
			remoteGlobalIDString = 3C159966154DAEB00085A804;
			remoteInfo = "rtl-sdr";
		};
/* End PBXContainerItemProxy section */

/* Begin PBXFileReference section */
		3C0F4B0E155CC7FA0084D784 /* NetworkServer.h */ = {isa = PBXFileReference; fileEncoding = 4; lastKnownFileType = sourcecode.c.h; path = NetworkServer.h; sourceTree = "<group>"; };
		3C0F4B0F155CC7FA0084D784 /* NetworkServer.m */ = {isa = PBXFileReference; fileEncoding = 4; lastKnownFileType = sourcecode.c.objc; path = NetworkServer.m; sourceTree = "<group>"; };
		3C0F4B10155CC7FA0084D784 /* NetworkSession.h */ = {isa = PBXFileReference; fileEncoding = 4; lastKnownFileType = sourcecode.c.h; path = NetworkSession.h; sourceTree = "<group>"; };
		3C0F4B11155CC7FA0084D784 /* NetworkSession.m */ = {isa = PBXFileReference; fileEncoding = 4; lastKnownFileType = sourcecode.c.objc; path = NetworkSession.m; sourceTree = "<group>"; };
		3C0F4B4D155CCE220084D784 /* README */ = {isa = PBXFileReference; fileEncoding = 4; lastKnownFileType = text; path = README; sourceTree = "<group>"; };
		3C15991E154DAAFE0085A804 /* Cocoa-rtl-sdr.app */ = {isa = PBXFileReference; explicitFileType = wrapper.application; includeInIndex = 0; path = "Cocoa-rtl-sdr.app"; sourceTree = BUILT_PRODUCTS_DIR; };
		3C159922154DAAFE0085A804 /* Cocoa.framework */ = {isa = PBXFileReference; lastKnownFileType = wrapper.framework; name = Cocoa.framework; path = System/Library/Frameworks/Cocoa.framework; sourceTree = SDKROOT; };
		3C159925154DAAFE0085A804 /* AppKit.framework */ = {isa = PBXFileReference; lastKnownFileType = wrapper.framework; name = AppKit.framework; path = System/Library/Frameworks/AppKit.framework; sourceTree = SDKROOT; };
		3C159926154DAAFE0085A804 /* CoreData.framework */ = {isa = PBXFileReference; lastKnownFileType = wrapper.framework; name = CoreData.framework; path = System/Library/Frameworks/CoreData.framework; sourceTree = SDKROOT; };
		3C159927154DAAFE0085A804 /* Foundation.framework */ = {isa = PBXFileReference; lastKnownFileType = wrapper.framework; name = Foundation.framework; path = System/Library/Frameworks/Foundation.framework; sourceTree = SDKROOT; };
		3C15992A154DAAFE0085A804 /* Cocoa-rtl-sdr-Info.plist */ = {isa = PBXFileReference; lastKnownFileType = text.plist.xml; path = "Cocoa-rtl-sdr-Info.plist"; sourceTree = "<group>"; };
		3C15992C154DAAFE0085A804 /* en */ = {isa = PBXFileReference; lastKnownFileType = text.plist.strings; name = en; path = en.lproj/InfoPlist.strings; sourceTree = "<group>"; };
		3C15992E154DAAFE0085A804 /* main.m */ = {isa = PBXFileReference; lastKnownFileType = sourcecode.c.objc; path = main.m; sourceTree = "<group>"; };
		3C159930154DAAFE0085A804 /* Cocoa-rtl-sdr-Prefix.pch */ = {isa = PBXFileReference; lastKnownFileType = sourcecode.c.h; path = "Cocoa-rtl-sdr-Prefix.pch"; sourceTree = "<group>"; };
		3C159932154DAAFE0085A804 /* en */ = {isa = PBXFileReference; lastKnownFileType = text.rtf; name = en; path = en.lproj/Credits.rtf; sourceTree = "<group>"; };
		3C159934154DAAFE0085A804 /* CRTLAppDelegate.h */ = {isa = PBXFileReference; lastKnownFileType = sourcecode.c.h; path = CRTLAppDelegate.h; sourceTree = "<group>"; };
		3C159935154DAAFE0085A804 /* CRTLAppDelegate.m */ = {isa = PBXFileReference; lastKnownFileType = sourcecode.c.objc; path = CRTLAppDelegate.m; sourceTree = "<group>"; };
		3C159938154DAAFE0085A804 /* en */ = {isa = PBXFileReference; lastKnownFileType = file.xib; name = en; path = en.lproj/MainMenu.xib; sourceTree = "<group>"; };
		3C15993F154DAB260085A804 /* Cocoa-rtl-sdr.entitlements */ = {isa = PBXFileReference; lastKnownFileType = text.xml; path = "Cocoa-rtl-sdr.entitlements"; sourceTree = "<group>"; };
		3C15994F154DABA80085A804 /* main.c */ = {isa = PBXFileReference; lastKnownFileType = sourcecode.c.c; path = main.c; sourceTree = "<group>"; };
		3C159957154DABC00085A804 /* COPYING */ = {isa = PBXFileReference; fileEncoding = 4; lastKnownFileType = text; name = COPYING; path = "Cocoa-rtl-sdr/COPYING"; sourceTree = "<group>"; };
		3C15997E154DAEB00085A804 /* rtl-sdr.xcodeproj */ = {isa = PBXFileReference; lastKnownFileType = "wrapper.pb-project"; name = "rtl-sdr.xcodeproj"; path = "rtl-sdr/rtl-sdr.xcodeproj"; sourceTree = "<group>"; };
/* End PBXFileReference section */

/* Begin PBXFrameworksBuildPhase section */
		3C15991B154DAAFE0085A804 /* Frameworks */ = {
			isa = PBXFrameworksBuildPhase;
			buildActionMask = 2147483647;
			files = (
				3C159923154DAAFE0085A804 /* Cocoa.framework in Frameworks */,
				3C1599A1154DB8FA0085A804 /* rtl-sdr.framework in Frameworks */,
			);
			runOnlyForDeploymentPostprocessing = 0;
		};
/* End PBXFrameworksBuildPhase section */

/* Begin PBXGroup section */
		3C0F4AEE155CC20C0084D784 /* Network */ = {
			isa = PBXGroup;
			children = (
				3C0F4B0E155CC7FA0084D784 /* NetworkServer.h */,
				3C0F4B0F155CC7FA0084D784 /* NetworkServer.m */,
				3C0F4B10155CC7FA0084D784 /* NetworkSession.h */,
				3C0F4B11155CC7FA0084D784 /* NetworkSession.m */,
			);
			name = Network;
			sourceTree = "<group>";
		};
		3C159913154DAAFE0085A804 = {
			isa = PBXGroup;
			children = (
				3C159957154DABC00085A804 /* COPYING */,
				3C0F4B4D155CCE220084D784 /* README */,
				3C15997E154DAEB00085A804 /* rtl-sdr.xcodeproj */,
				3C159928154DAAFE0085A804 /* Cocoa-rtl-sdr */,
				3C159921154DAAFE0085A804 /* Frameworks */,
				3C15991F154DAAFE0085A804 /* Products */,
			);
			sourceTree = "<group>";
		};
		3C15991F154DAAFE0085A804 /* Products */ = {
			isa = PBXGroup;
			children = (
				3C15991E154DAAFE0085A804 /* Cocoa-rtl-sdr.app */,
			);
			name = Products;
			sourceTree = "<group>";
		};
		3C159921154DAAFE0085A804 /* Frameworks */ = {
			isa = PBXGroup;
			children = (
				3C159922154DAAFE0085A804 /* Cocoa.framework */,
				3C159924154DAAFE0085A804 /* Other Frameworks */,
			);
			name = Frameworks;
			sourceTree = "<group>";
		};
		3C159924154DAAFE0085A804 /* Other Frameworks */ = {
			isa = PBXGroup;
			children = (
				3C159925154DAAFE0085A804 /* AppKit.framework */,
				3C159926154DAAFE0085A804 /* CoreData.framework */,
				3C159927154DAAFE0085A804 /* Foundation.framework */,
			);
			name = "Other Frameworks";
			sourceTree = "<group>";
		};
		3C159928154DAAFE0085A804 /* Cocoa-rtl-sdr */ = {
			isa = PBXGroup;
			children = (
				3C0F4AEE155CC20C0084D784 /* Network */,
				3C159940154DAB500085A804 /* Resources */,
				3C15993F154DAB260085A804 /* Cocoa-rtl-sdr.entitlements */,
				3C159934154DAAFE0085A804 /* CRTLAppDelegate.h */,
				3C159935154DAAFE0085A804 /* CRTLAppDelegate.m */,
				3C159937154DAAFE0085A804 /* MainMenu.xib */,
				3C159929154DAAFE0085A804 /* Supporting Files */,
			);
			path = "Cocoa-rtl-sdr";
			sourceTree = "<group>";
		};
		3C159929154DAAFE0085A804 /* Supporting Files */ = {
			isa = PBXGroup;
			children = (
				3C15992A154DAAFE0085A804 /* Cocoa-rtl-sdr-Info.plist */,
				3C15992B154DAAFE0085A804 /* InfoPlist.strings */,
				3C15992E154DAAFE0085A804 /* main.m */,
				3C159930154DAAFE0085A804 /* Cocoa-rtl-sdr-Prefix.pch */,
				3C159931154DAAFE0085A804 /* Credits.rtf */,
			);
			name = "Supporting Files";
			sourceTree = "<group>";
		};
		3C159940154DAB500085A804 /* Resources */ = {
			isa = PBXGroup;
			children = (
				3C15994F154DABA80085A804 /* main.c */,
			);
			name = Resources;
			sourceTree = "<group>";
		};
		3C15997F154DAEB00085A804 /* Products */ = {
			isa = PBXGroup;
			children = (
				3C159983154DAEB10085A804 /* rtl-sdr.framework */,
			);
			name = Products;
			sourceTree = "<group>";
		};
/* End PBXGroup section */

/* Begin PBXNativeTarget section */
		3C15991D154DAAFE0085A804 /* Cocoa-rtl-sdr */ = {
			isa = PBXNativeTarget;
			buildConfigurationList = 3C15993C154DAAFE0085A804 /* Build configuration list for PBXNativeTarget "Cocoa-rtl-sdr" */;
			buildPhases = (
				3C15991A154DAAFE0085A804 /* Sources */,
				3C15991B154DAAFE0085A804 /* Frameworks */,
				3C15991C154DAAFE0085A804 /* Resources */,
			);
			buildRules = (
			);
			dependencies = (
			);
			name = "Cocoa-rtl-sdr";
			productName = "Cocoa-rtl-sdr";
			productReference = 3C15991E154DAAFE0085A804 /* Cocoa-rtl-sdr.app */;
			productType = "com.apple.product-type.application";
		};
/* End PBXNativeTarget section */

/* Begin PBXProject section */
		3C159915154DAAFE0085A804 /* Project object */ = {
			isa = PBXProject;
			attributes = {
				LastUpgradeCheck = 0420;
				ORGANIZATIONNAME = "Oregon State University (COAS)";
			};
			buildConfigurationList = 3C159918154DAAFE0085A804 /* Build configuration list for PBXProject "Cocoa-rtl-sdr" */;
			compatibilityVersion = "Xcode 3.2";
			developmentRegion = English;
			hasScannedForEncodings = 0;
			knownRegions = (
				en,
			);
			mainGroup = 3C159913154DAAFE0085A804;
			productRefGroup = 3C15991F154DAAFE0085A804 /* Products */;
			projectDirPath = "";
			projectReferences = (
				{
					ProductGroup = 3C15997F154DAEB00085A804 /* Products */;
					ProjectRef = 3C15997E154DAEB00085A804 /* rtl-sdr.xcodeproj */;
				},
			);
			projectRoot = "";
			targets = (
				3C15991D154DAAFE0085A804 /* Cocoa-rtl-sdr */,
			);
		};
/* End PBXProject section */

/* Begin PBXReferenceProxy section */
		3C159983154DAEB10085A804 /* rtl-sdr.framework */ = {
			isa = PBXReferenceProxy;
			fileType = wrapper.framework;
			path = "rtl-sdr.framework";
			remoteRef = 3C159982154DAEB10085A804 /* PBXContainerItemProxy */;
			sourceTree = BUILT_PRODUCTS_DIR;
		};
/* End PBXReferenceProxy section */

/* Begin PBXResourcesBuildPhase section */
		3C15991C154DAAFE0085A804 /* Resources */ = {
			isa = PBXResourcesBuildPhase;
			buildActionMask = 2147483647;
			files = (
				3C15992D154DAAFE0085A804 /* InfoPlist.strings in Resources */,
				3C159933154DAAFE0085A804 /* Credits.rtf in Resources */,
				3C159939154DAAFE0085A804 /* MainMenu.xib in Resources */,
				3C159959154DABC00085A804 /* COPYING in Resources */,
				3C0F4B4E155CCE220084D784 /* README in Resources */,
			);
			runOnlyForDeploymentPostprocessing = 0;
		};
/* End PBXResourcesBuildPhase section */

/* Begin PBXSourcesBuildPhase section */
		3C15991A154DAAFE0085A804 /* Sources */ = {
			isa = PBXSourcesBuildPhase;
			buildActionMask = 2147483647;
			files = (
				3C83ADD9154E281B009CE93C /* main.m in Sources */,
				3C159936154DAAFE0085A804 /* CRTLAppDelegate.m in Sources */,
				3C0F4B12155CC7FA0084D784 /* NetworkServer.m in Sources */,
				3C0F4B13155CC7FA0084D784 /* NetworkSession.m in Sources */,
			);
			runOnlyForDeploymentPostprocessing = 0;
		};
/* End PBXSourcesBuildPhase section */

/* Begin PBXVariantGroup section */
		3C15992B154DAAFE0085A804 /* InfoPlist.strings */ = {
			isa = PBXVariantGroup;
			children = (
				3C15992C154DAAFE0085A804 /* en */,
			);
			name = InfoPlist.strings;
			sourceTree = "<group>";
		};
		3C159931154DAAFE0085A804 /* Credits.rtf */ = {
			isa = PBXVariantGroup;
			children = (
				3C159932154DAAFE0085A804 /* en */,
			);
			name = Credits.rtf;
			sourceTree = "<group>";
		};
		3C159937154DAAFE0085A804 /* MainMenu.xib */ = {
			isa = PBXVariantGroup;
			children = (
				3C159938154DAAFE0085A804 /* en */,
			);
			name = MainMenu.xib;
			sourceTree = "<group>";
		};
/* End PBXVariantGroup section */

/* Begin XCBuildConfiguration section */
		3C15993A154DAAFE0085A804 /* Debug */ = {
			isa = XCBuildConfiguration;
			buildSettings = {
				ALWAYS_SEARCH_USER_PATHS = NO;
				ARCHS = "$(ARCHS_STANDARD_64_BIT)";
				COPY_PHASE_STRIP = NO;
				GCC_C_LANGUAGE_STANDARD = gnu99;
				GCC_DYNAMIC_NO_PIC = NO;
				GCC_ENABLE_OBJC_EXCEPTIONS = YES;
				GCC_OPTIMIZATION_LEVEL = 0;
				GCC_PREPROCESSOR_DEFINITIONS = (
					"DEBUG=1",
					"$(inherited)",
				);
				GCC_SYMBOLS_PRIVATE_EXTERN = NO;
				GCC_VERSION = com.apple.compilers.llvm.clang.1_0;
				GCC_WARN_64_TO_32_BIT_CONVERSION = YES;
				GCC_WARN_ABOUT_MISSING_PROTOTYPES = YES;
				GCC_WARN_ABOUT_RETURN_TYPE = YES;
				GCC_WARN_UNUSED_VARIABLE = YES;
				MACOSX_DEPLOYMENT_TARGET = 10.7;
				ONLY_ACTIVE_ARCH = YES;
				SDKROOT = macosx;
			};
			name = Debug;
		};
		3C15993B154DAAFE0085A804 /* Release */ = {
			isa = XCBuildConfiguration;
			buildSettings = {
				ALWAYS_SEARCH_USER_PATHS = NO;
				ARCHS = "$(ARCHS_STANDARD_64_BIT)";
				COPY_PHASE_STRIP = YES;
				DEBUG_INFORMATION_FORMAT = "dwarf-with-dsym";
				GCC_C_LANGUAGE_STANDARD = gnu99;
				GCC_ENABLE_OBJC_EXCEPTIONS = YES;
				GCC_VERSION = com.apple.compilers.llvm.clang.1_0;
				GCC_WARN_64_TO_32_BIT_CONVERSION = YES;
				GCC_WARN_ABOUT_MISSING_PROTOTYPES = YES;
				GCC_WARN_ABOUT_RETURN_TYPE = YES;
				GCC_WARN_UNUSED_VARIABLE = YES;
				MACOSX_DEPLOYMENT_TARGET = 10.7;
				SDKROOT = macosx;
			};
			name = Release;
		};
		3C15993D154DAAFE0085A804 /* Debug */ = {
			isa = XCBuildConfiguration;
			buildSettings = {
				CODE_SIGN_ENTITLEMENTS = "Cocoa-rtl-sdr/Cocoa-rtl-sdr.entitlements";
				GCC_PRECOMPILE_PREFIX_HEADER = YES;
				GCC_PREFIX_HEADER = "Cocoa-rtl-sdr/Cocoa-rtl-sdr-Prefix.pch";
				HEADER_SEARCH_PATHS = "/opt/local/include/libusb-1.0";
				INFOPLIST_FILE = "Cocoa-rtl-sdr/Cocoa-rtl-sdr-Info.plist";
				LIBRARY_SEARCH_PATHS = /opt/local/lib;
				MACOSX_DEPLOYMENT_TARGET = 10.6;
				PRODUCT_NAME = "$(TARGET_NAME)";
				WRAPPER_EXTENSION = app;
			};
			name = Debug;
		};
		3C15993E154DAAFE0085A804 /* Release */ = {
			isa = XCBuildConfiguration;
			buildSettings = {
				CODE_SIGN_ENTITLEMENTS = "Cocoa-rtl-sdr/Cocoa-rtl-sdr.entitlements";
				GCC_PRECOMPILE_PREFIX_HEADER = YES;
				GCC_PREFIX_HEADER = "Cocoa-rtl-sdr/Cocoa-rtl-sdr-Prefix.pch";
				HEADER_SEARCH_PATHS = "/opt/local/include/libusb-1.0";
				INFOPLIST_FILE = "Cocoa-rtl-sdr/Cocoa-rtl-sdr-Info.plist";
				LIBRARY_SEARCH_PATHS = /opt/local/lib;
				MACOSX_DEPLOYMENT_TARGET = 10.6;
				PRODUCT_NAME = "$(TARGET_NAME)";
				WRAPPER_EXTENSION = app;
			};
			name = Release;
		};
/* End XCBuildConfiguration section */

/* Begin XCConfigurationList section */
		3C159918154DAAFE0085A804 /* Build configuration list for PBXProject "Cocoa-rtl-sdr" */ = {
			isa = XCConfigurationList;
			buildConfigurations = (
				3C15993A154DAAFE0085A804 /* Debug */,
				3C15993B154DAAFE0085A804 /* Release */,
			);
			defaultConfigurationIsVisible = 0;
			defaultConfigurationName = Release;
		};
		3C15993C154DAAFE0085A804 /* Build configuration list for PBXNativeTarget "Cocoa-rtl-sdr" */ = {
			isa = XCConfigurationList;
			buildConfigurations = (
				3C15993D154DAAFE0085A804 /* Debug */,
				3C15993E154DAAFE0085A804 /* Release */,
			);
			defaultConfigurationIsVisible = 0;
			defaultConfigurationName = Release;
		};
/* End XCConfigurationList section */
	};
	rootObject = 3C159915154DAAFE0085A804 /* Project object */;
}
